
Microsoft Visual Studio Solution File, Format Version 12.00
# Visual Studio Version 16
VisualStudioVersion = 16.0.30002.166
MinimumVisualStudioVersion = 10.0.40219.1
Project("{8BC9CEB8-8B4A-11D0-8D11-00A0C91BC942}") = "ConsoleFFmpegLib", "ConsoleFFmpegLib\ConsoleFFmpegLib.vcxproj", "{66016BA4-4D0B-45BE-A5A1-876D54E60288}"
EndProject
Project("{FAE04EC0-301F-11D3-BF4B-00C04F79EFBC}") = "WpfFFmpegCore", "WpfFFmpegCore\WpfFFmpegCore.csproj", "{B8A58AE1-3BD7-44E4-AADA-668E983FDDF0}"
EndProject
Global
	GlobalSection(SolutionConfigurationPlatforms) = preSolution
		Debug|Any CPU = Debug|Any CPU
		Debug|x64 = Debug|x64
		Debug|x86 = Debug|x86
		Release|Any CPU = Release|Any CPU
		Release|x64 = Release|x64
		Release|x86 = Release|x86
	EndGlobalSection
	GlobalSection(ProjectConfigurationPlatforms) = postSolution
		{66016BA4-4D0B-45BE-A5A1-876D54E60288}.Debug|Any CPU.ActiveCfg = Debug|Win32
		{66016BA4-4D0B-45BE-A5A1-876D54E60288}.Debug|x64.ActiveCfg = Debug|x64
		{66016BA4-4D0B-45BE-A5A1-876D54E60288}.Debug|x64.Build.0 = Debug|x64
		{66016BA4-4D0B-45BE-A5A1-876D54E60288}.Debug|x86.ActiveCfg = Debug|Win32
		{66016BA4-4D0B-45BE-A5A1-876D54E60288}.Debug|x86.Build.0 = Debug|Win32
		{66016BA4-4D0B-45BE-A5A1-876D54E60288}.Release|Any CPU.ActiveCfg = Release|Win32
		{66016BA4-4D0B-45BE-A5A1-876D54E60288}.Release|x64.ActiveCfg = Release|x64
		{66016BA4-4D0B-45BE-A5A1-876D54E60288}.Release|x64.Build.0 = Release|x64
		{66016BA4-4D0B-45BE-A5A1-876D54E60288}.Release|x86.ActiveCfg = Release|Win32
		{66016BA4-4D0B-45BE-A5A1-876D54E60288}.Release|x86.Build.0 = Release|Win32
		{B8A58AE1-3BD7-44E4-AADA-668E983FDDF0}.Debug|Any CPU.ActiveCfg = Debug|Any CPU
		{B8A58AE1-3BD7-44E4-AADA-668E983FDDF0}.Debug|Any CPU.Build.0 = Debug|Any CPU
		{B8A58AE1-3BD7-44E4-AADA-668E983FDDF0}.Debug|x64.ActiveCfg = Debug|Any CPU
		{B8A58AE1-3BD7-44E4-AADA-668E983FDDF0}.Debug|x64.Build.0 = Debug|Any CPU
		{B8A58AE1-3BD7-44E4-AADA-668E983FDDF0}.Debug|x86.ActiveCfg = Debug|Any CPU
		{B8A58AE1-3BD7-44E4-AADA-668E983FDDF0}.Debug|x86.Build.0 = Debug|Any CPU
		{B8A58AE1-3BD7-44E4-AADA-668E983FDDF0}.Release|Any CPU.ActiveCfg = Release|Any CPU
		{B8A58AE1-3BD7-44E4-AADA-668E983FDDF0}.Release|Any CPU.Build.0 = Release|Any CPU
		{B8A58AE1-3BD7-44E4-AADA-668E983FDDF0}.Release|x64.ActiveCfg = Release|Any CPU
		{B8A58AE1-3BD7-44E4-AADA-668E983FDDF0}.Release|x64.Build.0 = Release|Any CPU
		{B8A58AE1-3BD7-44E4-AADA-668E983FDDF0}.Release|x86.ActiveCfg = Release|Any CPU
		{B8A58AE1-3BD7-44E4-AADA-668E983FDDF0}.Release|x86.Build.0 = Release|Any CPU
	EndGlobalSection
	GlobalSection(SolutionProperties) = preSolution
		HideSolutionNode = FALSE
	EndGlobalSection
	GlobalSection(ExtensibilityGlobals) = postSolution
		SolutionGuid = {21AEE252-3876-40C1-AD19-77C1AACF3C09}
	EndGlobalSection
EndGlobal
